// !$*UTF8*$!
{
	archiveVersion = 1;
	classes = {
	};
	objectVersion = 46;
	objects = {

/* Begin PBXBuildFile section */
		8469698C1B3D7660007784D8 /* AppDelegate.swift in Sources */ = {isa = PBXBuildFile; fileRef = 8469698B1B3D7660007784D8 /* AppDelegate.swift */; };
		8469698E1B3D7660007784D8 /* ViewController.swift in Sources */ = {isa = PBXBuildFile; fileRef = 8469698D1B3D7660007784D8 /* ViewController.swift */; };
		846969911B3D7660007784D8 /* Main.storyboard in Resources */ = {isa = PBXBuildFile; fileRef = 8469698F1B3D7660007784D8 /* Main.storyboard */; };
		846969931B3D7660007784D8 /* Images.xcassets in Resources */ = {isa = PBXBuildFile; fileRef = 846969921B3D7660007784D8 /* Images.xcassets */; };
		846969961B3D7660007784D8 /* LaunchScreen.xib in Resources */ = {isa = PBXBuildFile; fileRef = 846969941B3D7660007784D8 /* LaunchScreen.xib */; };
		846969A21B3D7660007784D8 /* JSQTests.swift in Sources */ = {isa = PBXBuildFile; fileRef = 846969A11B3D7660007784D8 /* JSQTests.swift */; };
/* End PBXBuildFile section */

/* Begin PBXContainerItemProxy section */
		8469699C1B3D7660007784D8 /* PBXContainerItemProxy */ = {
			isa = PBXContainerItemProxy;
			containerPortal = 8469697E1B3D7660007784D8 /* Project object */;
			proxyType = 1;
			remoteGlobalIDString = 846969851B3D7660007784D8;
			remoteInfo = JSQ;
		};
/* End PBXContainerItemProxy section */

/* Begin PBXFileReference section */
		846969861B3D7660007784D8 /* JSQ.app */ = {isa = PBXFileReference; explicitFileType = wrapper.application; includeInIndex = 0; path = JSQ.app; sourceTree = BUILT_PRODUCTS_DIR; };
		8469698A1B3D7660007784D8 /* Info.plist */ = {isa = PBXFileReference; lastKnownFileType = text.plist.xml; path = Info.plist; sourceTree = "<group>"; };
		8469698B1B3D7660007784D8 /* AppDelegate.swift */ = {isa = PBXFileReference; lastKnownFileType = sourcecode.swift; path = AppDelegate.swift; sourceTree = "<group>"; };
		8469698D1B3D7660007784D8 /* ViewController.swift */ = {isa = PBXFileReference; lastKnownFileType = sourcecode.swift; path = ViewController.swift; sourceTree = "<group>"; };
		846969901B3D7660007784D8 /* Base */ = {isa = PBXFileReference; lastKnownFileType = file.storyboard; name = Base; path = Base.lproj/Main.storyboard; sourceTree = "<group>"; };
		846969921B3D7660007784D8 /* Images.xcassets */ = {isa = PBXFileReference; lastKnownFileType = folder.assetcatalog; path = Images.xcassets; sourceTree = "<group>"; };
		846969951B3D7660007784D8 /* Base */ = {isa = PBXFileReference; lastKnownFileType = file.xib; name = Base; path = Base.lproj/LaunchScreen.xib; sourceTree = "<group>"; };
		8469699B1B3D7660007784D8 /* JSQTests.xctest */ = {isa = PBXFileReference; explicitFileType = wrapper.cfbundle; includeInIndex = 0; path = JSQTests.xctest; sourceTree = BUILT_PRODUCTS_DIR; };
		846969A01B3D7660007784D8 /* Info.plist */ = {isa = PBXFileReference; lastKnownFileType = text.plist.xml; path = Info.plist; sourceTree = "<group>"; };
		846969A11B3D7660007784D8 /* JSQTests.swift */ = {isa = PBXFileReference; lastKnownFileType = sourcecode.swift; path = JSQTests.swift; sourceTree = "<group>"; };
/* End PBXFileReference section */

/* Begin PBXFrameworksBuildPhase section */
		846969831B3D7660007784D8 /* Frameworks */ = {
			isa = PBXFrameworksBuildPhase;
			buildActionMask = 2147483647;
			files = (
			);
			runOnlyForDeploymentPostprocessing = 0;
		};
		846969981B3D7660007784D8 /* Frameworks */ = {
			isa = PBXFrameworksBuildPhase;
			buildActionMask = 2147483647;
			files = (
			);
			runOnlyForDeploymentPostprocessing = 0;
		};
/* End PBXFrameworksBuildPhase section */

/* Begin PBXGroup section */
		8469697D1B3D7660007784D8 = {
			isa = PBXGroup;
			children = (
				846969881B3D7660007784D8 /* JSQ */,
				8469699E1B3D7660007784D8 /* JSQTests */,
				846969871B3D7660007784D8 /* Products */,
			);
			sourceTree = "<group>";
		};
		846969871B3D7660007784D8 /* Products */ = {
			isa = PBXGroup;
			children = (
				846969861B3D7660007784D8 /* JSQ.app */,
				8469699B1B3D7660007784D8 /* JSQTests.xctest */,
			);
			name = Products;
			sourceTree = "<group>";
		};
		846969881B3D7660007784D8 /* JSQ */ = {
			isa = PBXGroup;
			children = (
				8469698B1B3D7660007784D8 /* AppDelegate.swift */,
				8469698D1B3D7660007784D8 /* ViewController.swift */,
				8469698F1B3D7660007784D8 /* Main.storyboard */,
				846969921B3D7660007784D8 /* Images.xcassets */,
				846969941B3D7660007784D8 /* LaunchScreen.xib */,
				846969891B3D7660007784D8 /* Supporting Files */,
			);
			path = JSQ;
			sourceTree = "<group>";
		};
		846969891B3D7660007784D8 /* Supporting Files */ = {
			isa = PBXGroup;
			children = (
				8469698A1B3D7660007784D8 /* Info.plist */,
			);
			name = "Supporting Files";
			sourceTree = "<group>";
		};
		8469699E1B3D7660007784D8 /* JSQTests */ = {
			isa = PBXGroup;
			children = (
				846969A11B3D7660007784D8 /* JSQTests.swift */,
				8469699F1B3D7660007784D8 /* Supporting Files */,
			);
			path = JSQTests;
			sourceTree = "<group>";
		};
		8469699F1B3D7660007784D8 /* Supporting Files */ = {
			isa = PBXGroup;
			children = (
				846969A01B3D7660007784D8 /* Info.plist */,
			);
			name = "Supporting Files";
			sourceTree = "<group>";
		};
/* End PBXGroup section */

/* Begin PBXNativeTarget section */
		846969851B3D7660007784D8 /* JSQ */ = {
			isa = PBXNativeTarget;
			buildConfigurationList = 846969A51B3D7660007784D8 /* Build configuration list for PBXNativeTarget "JSQ" */;
			buildPhases = (
				846969821B3D7660007784D8 /* Sources */,
				846969831B3D7660007784D8 /* Frameworks */,
				846969841B3D7660007784D8 /* Resources */,
			);
			buildRules = (
			);
			dependencies = (
			);
			name = JSQ;
			productName = JSQ;
			productReference = 846969861B3D7660007784D8 /* JSQ.app */;
			productType = "com.apple.product-type.application";
		};
		8469699A1B3D7660007784D8 /* JSQTests */ = {
			isa = PBXNativeTarget;
			buildConfigurationList = 846969A81B3D7660007784D8 /* Build configuration list for PBXNativeTarget "JSQTests" */;
			buildPhases = (
				846969971B3D7660007784D8 /* Sources */,
				846969981B3D7660007784D8 /* Frameworks */,
				846969991B3D7660007784D8 /* Resources */,
			);
			buildRules = (
			);
			dependencies = (
				8469699D1B3D7660007784D8 /* PBXTargetDependency */,
			);
			name = JSQTests;
			productName = JSQTests;
			productReference = 8469699B1B3D7660007784D8 /* JSQTests.xctest */;
			productType = "com.apple.product-type.bundle.unit-test";
		};
/* End PBXNativeTarget section */

/* Begin PBXProject section */
		8469697E1B3D7660007784D8 /* Project object */ = {
			isa = PBXProject;
			attributes = {
				LastUpgradeCheck = 0630;
				ORGANIZATIONNAME = admin;
				TargetAttributes = {
					846969851B3D7660007784D8 = {
						CreatedOnToolsVersion = 6.3;
					};
					8469699A1B3D7660007784D8 = {
						CreatedOnToolsVersion = 6.3;
						TestTargetID = 846969851B3D7660007784D8;
					};
				};
			};
			buildConfigurationList = 846969811B3D7660007784D8 /* Build configuration list for PBXProject "JSQ" */;
			compatibilityVersion = "Xcode 3.2";
			developmentRegion = English;
			hasScannedForEncodings = 0;
			knownRegions = (
				en,
				Base,
			);
			mainGroup = 8469697D1B3D7660007784D8;
			productRefGroup = 846969871B3D7660007784D8 /* Products */;
			projectDirPath = "";
			projectRoot = "";
			targets = (
				846969851B3D7660007784D8 /* JSQ */,
				8469699A1B3D7660007784D8 /* JSQTests */,
			);
		};
/* End PBXProject section */

/* Begin PBXResourcesBuildPhase section */
		846969841B3D7660007784D8 /* Resources */ = {
			isa = PBXResourcesBuildPhase;
			buildActionMask = 2147483647;
			files = (
				846969911B3D7660007784D8 /* Main.storyboard in Resources */,
				846969961B3D7660007784D8 /* LaunchScreen.xib in Resources */,
				846969931B3D7660007784D8 /* Images.xcassets in Resources */,
			);
			runOnlyForDeploymentPostprocessing = 0;
		};
		846969991B3D7660007784D8 /* Resources */ = {
			isa = PBXResourcesBuildPhase;
			buildActionMask = 2147483647;
			files = (
			);
			runOnlyForDeploymentPostprocessing = 0;
		};
/* End PBXResourcesBuildPhase section */

/* Begin PBXSourcesBuildPhase section */
		846969821B3D7660007784D8 /* Sources */ = {
			isa = PBXSourcesBuildPhase;
			buildActionMask = 2147483647;
			files = (
				8469698E1B3D7660007784D8 /* ViewController.swift in Sources */,
				8469698C1B3D7660007784D8 /* AppDelegate.swift in Sources */,
			);
			runOnlyForDeploymentPostprocessing = 0;
		};
		846969971B3D7660007784D8 /* Sources */ = {
			isa = PBXSourcesBuildPhase;
			buildActionMask = 2147483647;
			files = (
				846969A21B3D7660007784D8 /* JSQTests.swift in Sources */,
			);
			runOnlyForDeploymentPostprocessing = 0;
		};
/* End PBXSourcesBuildPhase section */

/* Begin PBXTargetDependency section */
		8469699D1B3D7660007784D8 /* PBXTargetDependency */ = {
			isa = PBXTargetDependency;
			target = 846969851B3D7660007784D8 /* JSQ */;
			targetProxy = 8469699C1B3D7660007784D8 /* PBXContainerItemProxy */;
		};
/* End PBXTargetDependency section */

/* Begin PBXVariantGroup section */
		8469698F1B3D7660007784D8 /* Main.storyboard */ = {
			isa = PBXVariantGroup;
			children = (
				846969901B3D7660007784D8 /* Base */,
			);
			name = Main.storyboard;
			sourceTree = "<group>";
		};
		846969941B3D7660007784D8 /* LaunchScreen.xib */ = {
			isa = PBXVariantGroup;
			children = (
				846969951B3D7660007784D8 /* Base */,
			);
			name = LaunchScreen.xib;
			sourceTree = "<group>";
		};
/* End PBXVariantGroup section */

/* Begin XCBuildConfiguration section */
		846969A31B3D7660007784D8 /* Debug */ = {
			isa = XCBuildConfiguration;
			buildSettings = {
				ALWAYS_SEARCH_USER_PATHS = NO;
				CLANG_CXX_LANGUAGE_STANDARD = "gnu++0x";
				CLANG_CXX_LIBRARY = "libc++";
				CLANG_ENABLE_MODULES = YES;
				CLANG_ENABLE_OBJC_ARC = YES;
				CLANG_WARN_BOOL_CONVERSION = YES;
				CLANG_WARN_CONSTANT_CONVERSION = YES;
				CLANG_WARN_DIRECT_OBJC_ISA_USAGE = YES_ERROR;
				CLANG_WARN_EMPTY_BODY = YES;
				CLANG_WARN_ENUM_CONVERSION = YES;
				CLANG_WARN_INT_CONVERSION = YES;
				CLANG_WARN_OBJC_ROOT_CLASS = YES_ERROR;
				CLANG_WARN_UNREACHABLE_CODE = YES;
				CLANG_WARN__DUPLICATE_METHOD_MATCH = YES;
				"CODE_SIGN_IDENTITY[sdk=iphoneos*]" = "iPhone Developer";
				COPY_PHASE_STRIP = NO;
				DEBUG_INFORMATION_FORMAT = "dwarf-with-dsym";
				ENABLE_STRICT_OBJC_MSGSEND = YES;
				GCC_C_LANGUAGE_STANDARD = gnu99;
				GCC_DYNAMIC_NO_PIC = NO;
				GCC_NO_COMMON_BLOCKS = YES;
				GCC_OPTIMIZATION_LEVEL = 0;
				GCC_PREPROCESSOR_DEFINITIONS = (
					"DEBUG=1",
					"$(inherited)",
				);
				GCC_SYMBOLS_PRIVATE_EXTERN = NO;
				GCC_WARN_64_TO_32_BIT_CONVERSION = YES;
				GCC_WARN_ABOUT_RETURN_TYPE = YES_ERROR;
				GCC_WARN_UNDECLARED_SELECTOR = YES;
				GCC_WARN_UNINITIALIZED_AUTOS = YES_AGGRESSIVE;
				GCC_WARN_UNUSED_FUNCTION = YES;
				GCC_WARN_UNUSED_VARIABLE = YES;
				IPHONEOS_DEPLOYMENT_TARGET = 8.3;
				MTL_ENABLE_DEBUG_INFO = YES;
				ONLY_ACTIVE_ARCH = YES;
				SDKROOT = iphoneos;
				SWIFT_OPTIMIZATION_LEVEL = "-Onone";
				TARGETED_DEVICE_FAMILY = "1,2";
			};
			name = Debug;
		};
		846969A41B3D7660007784D8 /* Release */ = {
			isa = XCBuildConfiguration;
			buildSettings = {
				ALWAYS_SEARCH_USER_PATHS = NO;
				CLANG_CXX_LANGUAGE_STANDARD = "gnu++0x";
				CLANG_CXX_LIBRARY = "libc++";
				CLANG_ENABLE_MODULES = YES;
				CLANG_ENABLE_OBJC_ARC = YES;
				CLANG_WARN_BOOL_CONVERSION = YES;
				CLANG_WARN_CONSTANT_CONVERSION = YES;
				CLANG_WARN_DIRECT_OBJC_ISA_USAGE = YES_ERROR;
				CLANG_WARN_EMPTY_BODY = YES;
				CLANG_WARN_ENUM_CONVERSION = YES;
				CLANG_WARN_INT_CONVERSION = YES;
				CLANG_WARN_OBJC_ROOT_CLASS = YES_ERROR;
				CLANG_WARN_UNREACHABLE_CODE = YES;
				CLANG_WARN__DUPLICATE_METHOD_MATCH = YES;
				"CODE_SIGN_IDENTITY[sdk=iphoneos*]" = "iPhone Developer";
				COPY_PHASE_STRIP = NO;
				DEBUG_INFORMATION_FORMAT = "dwarf-with-dsym";
				ENABLE_NS_ASSERTIONS = NO;
				ENABLE_STRICT_OBJC_MSGSEND = YES;
				GCC_C_LANGUAGE_STANDARD = gnu99;
				GCC_NO_COMMON_BLOCKS = YES;
				GCC_WARN_64_TO_32_BIT_CONVERSION = YES;
				GCC_WARN_ABOUT_RETURN_TYPE = YES_ERROR;
				GCC_WARN_UNDECLARED_SELECTOR = YES;
				GCC_WARN_UNINITIALIZED_AUTOS = YES_AGGRESSIVE;
				GCC_WARN_UNUSED_FUNCTION = YES;
				GCC_WARN_UNUSED_VARIABLE = YES;
				IPHONEOS_DEPLOYMENT_TARGET = 8.3;
				MTL_ENABLE_DEBUG_INFO = NO;
				SDKROOT = iphoneos;
				TARGETED_DEVICE_FAMILY = "1,2";
				VALIDATE_PRODUCT = YES;
			};
			name = Release;
		};
		846969A61B3D7660007784D8 /* Debug */ = {
			isa = XCBuildConfiguration;
			buildSettings = {
				ASSETCATALOG_COMPILER_APPICON_NAME = AppIcon;
				INFOPLIST_FILE = JSQ/Info.plist;
				LD_RUNPATH_SEARCH_PATHS = "$(inherited) @executable_path/Frameworks";
				PRODUCT_NAME = "$(TARGET_NAME)";
			};
			name = Debug;
		};
		846969A71B3D7660007784D8 /* Release */ = {
			isa = XCBuildConfiguration;
			buildSettings = {
				ASSETCATALOG_COMPILER_APPICON_NAME = AppIcon;
				INFOPLIST_FILE = JSQ/Info.plist;
				LD_RUNPATH_SEARCH_PATHS = "$(inherited) @executable_path/Frameworks";
				PRODUCT_NAME = "$(TARGET_NAME)";
			};
			name = Release;
		};
		846969A91B3D7660007784D8 /* Debug */ = {
			isa = XCBuildConfiguration;
			buildSettings = {
				BUNDLE_LOADER = "$(TEST_HOST)";
				FRAMEWORK_SEARCH_PATHS = (
					"$(SDKROOT)/Developer/Library/Frameworks",
					"$(inherited)",
				);
				GCC_PREPROCESSOR_DEFINITIONS = (
					"DEBUG=1",
					"$(inherited)",
				);
				INFOPLIST_FILE = JSQTests/Info.plist;
				LD_RUNPATH_SEARCH_PATHS = "$(inherited) @executable_path/Frameworks @loader_path/Frameworks";
				PRODUCT_NAME = "$(TARGET_NAME)";
				TEST_HOST = "$(BUILT_PRODUCTS_DIR)/JSQ.app/JSQ";
			};
			name = Debug;
		};
		846969AA1B3D7660007784D8 /* Release */ = {
			isa = XCBuildConfiguration;
			buildSettings = {
				BUNDLE_LOADER = "$(TEST_HOST)";
				FRAMEWORK_SEARCH_PATHS = (
					"$(SDKROOT)/Developer/Library/Frameworks",
					"$(inherited)",
				);
				INFOPLIST_FILE = JSQTests/Info.plist;
				LD_RUNPATH_SEARCH_PATHS = "$(inherited) @executable_path/Frameworks @loader_path/Frameworks";
				PRODUCT_NAME = "$(TARGET_NAME)";
				TEST_HOST = "$(BUILT_PRODUCTS_DIR)/JSQ.app/JSQ";
			};
			name = Release;
		};
/* End XCBuildConfiguration section */

/* Begin XCConfigurationList section */
		846969811B3D7660007784D8 /* Build configuration list for PBXProject "JSQ" */ = {
			isa = XCConfigurationList;
			buildConfigurations = (
				846969A31B3D7660007784D8 /* Debug */,
				846969A41B3D7660007784D8 /* Release */,
			);
			defaultConfigurationIsVisible = 0;
			defaultConfigurationName = Release;
		};
		846969A51B3D7660007784D8 /* Build configuration list for PBXNativeTarget "JSQ" */ = {
			isa = XCConfigurationList;
			buildConfigurations = (
				846969A61B3D7660007784D8 /* Debug */,
				846969A71B3D7660007784D8 /* Release */,
			);
			defaultConfigurationIsVisible = 0;
		};
		846969A81B3D7660007784D8 /* Build configuration list for PBXNativeTarget "JSQTests" */ = {
			isa = XCConfigurationList;
			buildConfigurations = (
				846969A91B3D7660007784D8 /* Debug */,
				846969AA1B3D7660007784D8 /* Release */,
			);
			defaultConfigurationIsVisible = 0;
		};
/* End XCConfigurationList section */
	};
	rootObject = 8469697E1B3D7660007784D8 /* Project object */;
}
